// !$*UTF8*$!
{
	archiveVersion = 1;
	classes = {
	};
	objectVersion = 56;
	objects = {

/* Begin PBXBuildFile section */
		5B68F1D12C9560EA006FA81F /* memorybricksv2App.swift in Sources */ = {isa = PBXBuildFile; fileRef = 5B68F1D02C9560EA006FA81F /* memorybricksv2App.swift */; };
		5B68F1D32C9560EA006FA81F /* ContentView.swift in Sources */ = {isa = PBXBuildFile; fileRef = 5B68F1D22C9560EA006FA81F /* ContentView.swift */; };
		5B68F1D52C9560EC006FA81F /* Assets.xcassets in Resources */ = {isa = PBXBuildFile; fileRef = 5B68F1D42C9560EC006FA81F /* Assets.xcassets */; };
		5B68F1D82C9560EC006FA81F /* Preview Assets.xcassets in Resources */ = {isa = PBXBuildFile; fileRef = 5B68F1D72C9560EC006FA81F /* Preview Assets.xcassets */; };
		5B68F1E22C9560EC006FA81F /* memorybricksv2Tests.swift in Sources */ = {isa = PBXBuildFile; fileRef = 5B68F1E12C9560EC006FA81F /* memorybricksv2Tests.swift */; };
		5B68F1EC2C9560EC006FA81F /* memorybricksv2UITests.swift in Sources */ = {isa = PBXBuildFile; fileRef = 5B68F1EB2C9560EC006FA81F /* memorybricksv2UITests.swift */; };
		5B68F1EE2C9560EC006FA81F /* memorybricksv2UITestsLaunchTests.swift in Sources */ = {isa = PBXBuildFile; fileRef = 5B68F1ED2C9560EC006FA81F /* memorybricksv2UITestsLaunchTests.swift */; };
/* End PBXBuildFile section */

/* Begin PBXContainerItemProxy section */
		5B68F1DE2C9560EC006FA81F /* PBXContainerItemProxy */ = {
			isa = PBXContainerItemProxy;
			containerPortal = 5B68F1C52C9560EA006FA81F /* Project object */;
			proxyType = 1;
			remoteGlobalIDString = 5B68F1CC2C9560EA006FA81F;
			remoteInfo = memorybricksv2;
		};
		5B68F1E82C9560EC006FA81F /* PBXContainerItemProxy */ = {
			isa = PBXContainerItemProxy;
			containerPortal = 5B68F1C52C9560EA006FA81F /* Project object */;
			proxyType = 1;
			remoteGlobalIDString = 5B68F1CC2C9560EA006FA81F;
			remoteInfo = memorybricksv2;
		};
/* End PBXContainerItemProxy section */

/* Begin PBXFileReference section */
		5B68F1CD2C9560EA006FA81F /* memorybricksv2.app */ = {isa = PBXFileReference; explicitFileType = wrapper.application; includeInIndex = 0; path = memorybricksv2.app; sourceTree = BUILT_PRODUCTS_DIR; };
		5B68F1D02C9560EA006FA81F /* memorybricksv2App.swift */ = {isa = PBXFileReference; lastKnownFileType = sourcecode.swift; path = memorybricksv2App.swift; sourceTree = "<group>"; };
		5B68F1D22C9560EA006FA81F /* ContentView.swift */ = {isa = PBXFileReference; lastKnownFileType = sourcecode.swift; path = ContentView.swift; sourceTree = "<group>"; };
		5B68F1D42C9560EC006FA81F /* Assets.xcassets */ = {isa = PBXFileReference; lastKnownFileType = folder.assetcatalog; path = Assets.xcassets; sourceTree = "<group>"; };
		5B68F1D72C9560EC006FA81F /* Preview Assets.xcassets */ = {isa = PBXFileReference; lastKnownFileType = folder.assetcatalog; path = "Preview Assets.xcassets"; sourceTree = "<group>"; };
		5B68F1DD2C9560EC006FA81F /* memorybricksv2Tests.xctest */ = {isa = PBXFileReference; explicitFileType = wrapper.cfbundle; includeInIndex = 0; path = memorybricksv2Tests.xctest; sourceTree = BUILT_PRODUCTS_DIR; };
		5B68F1E12C9560EC006FA81F /* memorybricksv2Tests.swift */ = {isa = PBXFileReference; lastKnownFileType = sourcecode.swift; path = memorybricksv2Tests.swift; sourceTree = "<group>"; };
		5B68F1E72C9560EC006FA81F /* memorybricksv2UITests.xctest */ = {isa = PBXFileReference; explicitFileType = wrapper.cfbundle; includeInIndex = 0; path = memorybricksv2UITests.xctest; sourceTree = BUILT_PRODUCTS_DIR; };
		5B68F1EB2C9560EC006FA81F /* memorybricksv2UITests.swift */ = {isa = PBXFileReference; lastKnownFileType = sourcecode.swift; path = memorybricksv2UITests.swift; sourceTree = "<group>"; };
		5B68F1ED2C9560EC006FA81F /* memorybricksv2UITestsLaunchTests.swift */ = {isa = PBXFileReference; lastKnownFileType = sourcecode.swift; path = memorybricksv2UITestsLaunchTests.swift; sourceTree = "<group>"; };
/* End PBXFileReference section */

/* Begin PBXFrameworksBuildPhase section */
		5B68F1CA2C9560EA006FA81F /* Frameworks */ = {
			isa = PBXFrameworksBuildPhase;
			buildActionMask = 2147483647;
			files = (
			);
			runOnlyForDeploymentPostprocessing = 0;
		};
		5B68F1DA2C9560EC006FA81F /* Frameworks */ = {
			isa = PBXFrameworksBuildPhase;
			buildActionMask = 2147483647;
			files = (
			);
			runOnlyForDeploymentPostprocessing = 0;
		};
		5B68F1E42C9560EC006FA81F /* Frameworks */ = {
			isa = PBXFrameworksBuildPhase;
			buildActionMask = 2147483647;
			files = (
			);
			runOnlyForDeploymentPostprocessing = 0;
		};
/* End PBXFrameworksBuildPhase section */

/* Begin PBXGroup section */
		5B68F1C42C9560EA006FA81F = {
			isa = PBXGroup;
			children = (
				5B68F1CF2C9560EA006FA81F /* memorybricksv2 */,
				5B68F1E02C9560EC006FA81F /* memorybricksv2Tests */,
				5B68F1EA2C9560EC006FA81F /* memorybricksv2UITests */,
				5B68F1CE2C9560EA006FA81F /* Products */,
			);
			sourceTree = "<group>";
		};
		5B68F1CE2C9560EA006FA81F /* Products */ = {
			isa = PBXGroup;
			children = (
				5B68F1CD2C9560EA006FA81F /* memorybricksv2.app */,
				5B68F1DD2C9560EC006FA81F /* memorybricksv2Tests.xctest */,
				5B68F1E72C9560EC006FA81F /* memorybricksv2UITests.xctest */,
			);
			name = Products;
			sourceTree = "<group>";
		};
		5B68F1CF2C9560EA006FA81F /* memorybricksv2 */ = {
			isa = PBXGroup;
			children = (
				5B68F1D02C9560EA006FA81F /* memorybricksv2App.swift */,
				5B68F1D22C9560EA006FA81F /* ContentView.swift */,
				5B68F1D42C9560EC006FA81F /* Assets.xcassets */,
				5B68F1D62C9560EC006FA81F /* Preview Content */,
			);
			path = memorybricksv2;
			sourceTree = "<group>";
		};
		5B68F1D62C9560EC006FA81F /* Preview Content */ = {
			isa = PBXGroup;
			children = (
				5B68F1D72C9560EC006FA81F /* Preview Assets.xcassets */,
			);
			path = "Preview Content";
			sourceTree = "<group>";
		};
		5B68F1E02C9560EC006FA81F /* memorybricksv2Tests */ = {
			isa = PBXGroup;
			children = (
				5B68F1E12C9560EC006FA81F /* memorybricksv2Tests.swift */,
			);
			path = memorybricksv2Tests;
			sourceTree = "<group>";
		};
		5B68F1EA2C9560EC006FA81F /* memorybricksv2UITests */ = {
			isa = PBXGroup;
			children = (
				5B68F1EB2C9560EC006FA81F /* memorybricksv2UITests.swift */,
				5B68F1ED2C9560EC006FA81F /* memorybricksv2UITestsLaunchTests.swift */,
			);
			path = memorybricksv2UITests;
			sourceTree = "<group>";
		};
/* End PBXGroup section */

/* Begin PBXNativeTarget section */
		5B68F1CC2C9560EA006FA81F /* memorybricksv2 */ = {
			isa = PBXNativeTarget;
			buildConfigurationList = 5B68F1F12C9560EC006FA81F /* Build configuration list for PBXNativeTarget "memorybricksv2" */;
			buildPhases = (
				5B68F1C92C9560EA006FA81F /* Sources */,
				5B68F1CA2C9560EA006FA81F /* Frameworks */,
				5B68F1CB2C9560EA006FA81F /* Resources */,
			);
			buildRules = (
			);
			dependencies = (
			);
			name = memorybricksv2;
			productName = memorybricksv2;
			productReference = 5B68F1CD2C9560EA006FA81F /* memorybricksv2.app */;
			productType = "com.apple.product-type.application";
		};
		5B68F1DC2C9560EC006FA81F /* memorybricksv2Tests */ = {
			isa = PBXNativeTarget;
			buildConfigurationList = 5B68F1F42C9560EC006FA81F /* Build configuration list for PBXNativeTarget "memorybricksv2Tests" */;
			buildPhases = (
				5B68F1D92C9560EC006FA81F /* Sources */,
				5B68F1DA2C9560EC006FA81F /* Frameworks */,
				5B68F1DB2C9560EC006FA81F /* Resources */,
			);
			buildRules = (
			);
			dependencies = (
				5B68F1DF2C9560EC006FA81F /* PBXTargetDependency */,
			);
			name = memorybricksv2Tests;
			productName = memorybricksv2Tests;
			productReference = 5B68F1DD2C9560EC006FA81F /* memorybricksv2Tests.xctest */;
			productType = "com.apple.product-type.bundle.unit-test";
		};
		5B68F1E62C9560EC006FA81F /* memorybricksv2UITests */ = {
			isa = PBXNativeTarget;
			buildConfigurationList = 5B68F1F72C9560EC006FA81F /* Build configuration list for PBXNativeTarget "memorybricksv2UITests" */;
			buildPhases = (
				5B68F1E32C9560EC006FA81F /* Sources */,
				5B68F1E42C9560EC006FA81F /* Frameworks */,
				5B68F1E52C9560EC006FA81F /* Resources */,
			);
			buildRules = (
			);
			dependencies = (
				5B68F1E92C9560EC006FA81F /* PBXTargetDependency */,
			);
			name = memorybricksv2UITests;
			productName = memorybricksv2UITests;
			productReference = 5B68F1E72C9560EC006FA81F /* memorybricksv2UITests.xctest */;
			productType = "com.apple.product-type.bundle.ui-testing";
		};
/* End PBXNativeTarget section */

/* Begin PBXProject section */
		5B68F1C52C9560EA006FA81F /* Project object */ = {
			isa = PBXProject;
			attributes = {
				BuildIndependentTargetsInParallel = 1;
				LastSwiftUpdateCheck = 1540;
				LastUpgradeCheck = 1540;
				TargetAttributes = {
					5B68F1CC2C9560EA006FA81F = {
						CreatedOnToolsVersion = 15.4;
					};
					5B68F1DC2C9560EC006FA81F = {
						CreatedOnToolsVersion = 15.4;
						TestTargetID = 5B68F1CC2C9560EA006FA81F;
					};
					5B68F1E62C9560EC006FA81F = {
						CreatedOnToolsVersion = 15.4;
						TestTargetID = 5B68F1CC2C9560EA006FA81F;
					};
				};
			};
			buildConfigurationList = 5B68F1C82C9560EA006FA81F /* Build configuration list for PBXProject "memorybricksv2" */;
			compatibilityVersion = "Xcode 14.0";
			developmentRegion = en;
			hasScannedForEncodings = 0;
			knownRegions = (
				en,
				Base,
			);
			mainGroup = 5B68F1C42C9560EA006FA81F;
			productRefGroup = 5B68F1CE2C9560EA006FA81F /* Products */;
			projectDirPath = "";
			projectRoot = "";
			targets = (
				5B68F1CC2C9560EA006FA81F /* memorybricksv2 */,
				5B68F1DC2C9560EC006FA81F /* memorybricksv2Tests */,
				5B68F1E62C9560EC006FA81F /* memorybricksv2UITests */,
			);
		};
/* End PBXProject section */

/* Begin PBXResourcesBuildPhase section */
		5B68F1CB2C9560EA006FA81F /* Resources */ = {
			isa = PBXResourcesBuildPhase;
			buildActionMask = 2147483647;
			files = (
				5B68F1D82C9560EC006FA81F /* Preview Assets.xcassets in Resources */,
				5B68F1D52C9560EC006FA81F /* Assets.xcassets in Resources */,
			);
			runOnlyForDeploymentPostprocessing = 0;
		};
		5B68F1DB2C9560EC006FA81F /* Resources */ = {
			isa = PBXResourcesBuildPhase;
			buildActionMask = 2147483647;
			files = (
			);
			runOnlyForDeploymentPostprocessing = 0;
		};
		5B68F1E52C9560EC006FA81F /* Resources */ = {
			isa = PBXResourcesBuildPhase;
			buildActionMask = 2147483647;
			files = (
			);
			runOnlyForDeploymentPostprocessing = 0;
		};
/* End PBXResourcesBuildPhase section */

/* Begin PBXSourcesBuildPhase section */
		5B68F1C92C9560EA006FA81F /* Sources */ = {
			isa = PBXSourcesBuildPhase;
			buildActionMask = 2147483647;
			files = (
				5B68F1D32C9560EA006FA81F /* ContentView.swift in Sources */,
				5B68F1D12C9560EA006FA81F /* memorybricksv2App.swift in Sources */,
			);
			runOnlyForDeploymentPostprocessing = 0;
		};
		5B68F1D92C9560EC006FA81F /* Sources */ = {
			isa = PBXSourcesBuildPhase;
			buildActionMask = 2147483647;
			files = (
				5B68F1E22C9560EC006FA81F /* memorybricksv2Tests.swift in Sources */,
			);
			runOnlyForDeploymentPostprocessing = 0;
		};
		5B68F1E32C9560EC006FA81F /* Sources */ = {
			isa = PBXSourcesBuildPhase;
			buildActionMask = 2147483647;
			files = (
				5B68F1EC2C9560EC006FA81F /* memorybricksv2UITests.swift in Sources */,
				5B68F1EE2C9560EC006FA81F /* memorybricksv2UITestsLaunchTests.swift in Sources */,
			);
			runOnlyForDeploymentPostprocessing = 0;
		};
/* End PBXSourcesBuildPhase section */

/* Begin PBXTargetDependency section */
		5B68F1DF2C9560EC006FA81F /* PBXTargetDependency */ = {
			isa = PBXTargetDependency;
			target = 5B68F1CC2C9560EA006FA81F /* memorybricksv2 */;
			targetProxy = 5B68F1DE2C9560EC006FA81F /* PBXContainerItemProxy */;
		};
		5B68F1E92C9560EC006FA81F /* PBXTargetDependency */ = {
			isa = PBXTargetDependency;
			target = 5B68F1CC2C9560EA006FA81F /* memorybricksv2 */;
			targetProxy = 5B68F1E82C9560EC006FA81F /* PBXContainerItemProxy */;
		};
/* End PBXTargetDependency section */

/* Begin XCBuildConfiguration section */
		5B68F1EF2C9560EC006FA81F /* Debug */ = {
			isa = XCBuildConfiguration;
			buildSettings = {
				ALWAYS_SEARCH_USER_PATHS = NO;
				ASSETCATALOG_COMPILER_GENERATE_SWIFT_ASSET_SYMBOL_EXTENSIONS = YES;
				CLANG_ANALYZER_NONNULL = YES;
				CLANG_ANALYZER_NUMBER_OBJECT_CONVERSION = YES_AGGRESSIVE;
				CLANG_CXX_LANGUAGE_STANDARD = "gnu++20";
				CLANG_ENABLE_MODULES = YES;
				CLANG_ENABLE_OBJC_ARC = YES;
				CLANG_ENABLE_OBJC_WEAK = YES;
				CLANG_WARN_BLOCK_CAPTURE_AUTORELEASING = YES;
				CLANG_WARN_BOOL_CONVERSION = YES;
				CLANG_WARN_COMMA = YES;
				CLANG_WARN_CONSTANT_CONVERSION = YES;
				CLANG_WARN_DEPRECATED_OBJC_IMPLEMENTATIONS = YES;
				CLANG_WARN_DIRECT_OBJC_ISA_USAGE = YES_ERROR;
				CLANG_WARN_DOCUMENTATION_COMMENTS = YES;
				CLANG_WARN_EMPTY_BODY = YES;
				CLANG_WARN_ENUM_CONVERSION = YES;
				CLANG_WARN_INFINITE_RECURSION = YES;
				CLANG_WARN_INT_CONVERSION = YES;
				CLANG_WARN_NON_LITERAL_NULL_CONVERSION = YES;
				CLANG_WARN_OBJC_IMPLICIT_RETAIN_SELF = YES;
				CLANG_WARN_OBJC_LITERAL_CONVERSION = YES;
				CLANG_WARN_OBJC_ROOT_CLASS = YES_ERROR;
				CLANG_WARN_QUOTED_INCLUDE_IN_FRAMEWORK_HEADER = YES;
				CLANG_WARN_RANGE_LOOP_ANALYSIS = YES;
				CLANG_WARN_STRICT_PROTOTYPES = YES;
				CLANG_WARN_SUSPICIOUS_MOVE = YES;
				CLANG_WARN_UNGUARDED_AVAILABILITY = YES_AGGRESSIVE;
				CLANG_WARN_UNREACHABLE_CODE = YES;
				CLANG_WARN__DUPLICATE_METHOD_MATCH = YES;
				COPY_PHASE_STRIP = NO;
				DEBUG_INFORMATION_FORMAT = dwarf;
				ENABLE_STRICT_OBJC_MSGSEND = YES;
				ENABLE_TESTABILITY = YES;
				ENABLE_USER_SCRIPT_SANDBOXING = YES;
				GCC_C_LANGUAGE_STANDARD = gnu17;
				GCC_DYNAMIC_NO_PIC = NO;
				GCC_NO_COMMON_BLOCKS = YES;
				GCC_OPTIMIZATION_LEVEL = 0;
				GCC_PREPROCESSOR_DEFINITIONS = (
					"DEBUG=1",
					"$(inherited)",
				);
				GCC_WARN_64_TO_32_BIT_CONVERSION = YES;
				GCC_WARN_ABOUT_RETURN_TYPE = YES_ERROR;
				GCC_WARN_UNDECLARED_SELECTOR = YES;
				GCC_WARN_UNINITIALIZED_AUTOS = YES_AGGRESSIVE;
				GCC_WARN_UNUSED_FUNCTION = YES;
				GCC_WARN_UNUSED_VARIABLE = YES;
				IPHONEOS_DEPLOYMENT_TARGET = 17.5;
				LOCALIZATION_PREFERS_STRING_CATALOGS = YES;
				MTL_ENABLE_DEBUG_INFO = INCLUDE_SOURCE;
				MTL_FAST_MATH = YES;
				ONLY_ACTIVE_ARCH = YES;
				SDKROOT = iphoneos;
				SWIFT_ACTIVE_COMPILATION_CONDITIONS = "DEBUG $(inherited)";
				SWIFT_OPTIMIZATION_LEVEL = "-Onone";
			};
			name = Debug;
		};
		5B68F1F02C9560EC006FA81F /* Release */ = {
			isa = XCBuildConfiguration;
			buildSettings = {
				ALWAYS_SEARCH_USER_PATHS = NO;
				ASSETCATALOG_COMPILER_GENERATE_SWIFT_ASSET_SYMBOL_EXTENSIONS = YES;
				CLANG_ANALYZER_NONNULL = YES;
				CLANG_ANALYZER_NUMBER_OBJECT_CONVERSION = YES_AGGRESSIVE;
				CLANG_CXX_LANGUAGE_STANDARD = "gnu++20";
				CLANG_ENABLE_MODULES = YES;
				CLANG_ENABLE_OBJC_ARC = YES;
				CLANG_ENABLE_OBJC_WEAK = YES;
				CLANG_WARN_BLOCK_CAPTURE_AUTORELEASING = YES;
				CLANG_WARN_BOOL_CONVERSION = YES;
				CLANG_WARN_COMMA = YES;
				CLANG_WARN_CONSTANT_CONVERSION = YES;
				CLANG_WARN_DEPRECATED_OBJC_IMPLEMENTATIONS = YES;
				CLANG_WARN_DIRECT_OBJC_ISA_USAGE = YES_ERROR;
				CLANG_WARN_DOCUMENTATION_COMMENTS = YES;
				CLANG_WARN_EMPTY_BODY = YES;
				CLANG_WARN_ENUM_CONVERSION = YES;
				CLANG_WARN_INFINITE_RECURSION = YES;
				CLANG_WARN_INT_CONVERSION = YES;
				CLANG_WARN_NON_LITERAL_NULL_CONVERSION = YES;
				CLANG_WARN_OBJC_IMPLICIT_RETAIN_SELF = YES;
				CLANG_WARN_OBJC_LITERAL_CONVERSION = YES;
				CLANG_WARN_OBJC_ROOT_CLASS = YES_ERROR;
				CLANG_WARN_QUOTED_INCLUDE_IN_FRAMEWORK_HEADER = YES;
				CLANG_WARN_RANGE_LOOP_ANALYSIS = YES;
				CLANG_WARN_STRICT_PROTOTYPES = YES;
				CLANG_WARN_SUSPICIOUS_MOVE = YES;
				CLANG_WARN_UNGUARDED_AVAILABILITY = YES_AGGRESSIVE;
				CLANG_WARN_UNREACHABLE_CODE = YES;
				CLANG_WARN__DUPLICATE_METHOD_MATCH = YES;
				COPY_PHASE_STRIP = NO;
				DEBUG_INFORMATION_FORMAT = "dwarf-with-dsym";
				ENABLE_NS_ASSERTIONS = NO;
				ENABLE_STRICT_OBJC_MSGSEND = YES;
				ENABLE_USER_SCRIPT_SANDBOXING = YES;
				GCC_C_LANGUAGE_STANDARD = gnu17;
				GCC_NO_COMMON_BLOCKS = YES;
				GCC_WARN_64_TO_32_BIT_CONVERSION = YES;
				GCC_WARN_ABOUT_RETURN_TYPE = YES_ERROR;
				GCC_WARN_UNDECLARED_SELECTOR = YES;
				GCC_WARN_UNINITIALIZED_AUTOS = YES_AGGRESSIVE;
				GCC_WARN_UNUSED_FUNCTION = YES;
				GCC_WARN_UNUSED_VARIABLE = YES;
				IPHONEOS_DEPLOYMENT_TARGET = 17.5;
				LOCALIZATION_PREFERS_STRING_CATALOGS = YES;
				MTL_ENABLE_DEBUG_INFO = NO;
				MTL_FAST_MATH = YES;
				SDKROOT = iphoneos;
				SWIFT_COMPILATION_MODE = wholemodule;
				VALIDATE_PRODUCT = YES;
			};
			name = Release;
		};
		5B68F1F22C9560EC006FA81F /* Debug */ = {
			isa = XCBuildConfiguration;
			buildSettings = {
				ASSETCATALOG_COMPILER_APPICON_NAME = AppIcon;
				ASSETCATALOG_COMPILER_GLOBAL_ACCENT_COLOR_NAME = AccentColor;
				CODE_SIGN_STYLE = Automatic;
				CURRENT_PROJECT_VERSION = 1;
				DEVELOPMENT_ASSET_PATHS = "\"memorybricksv2/Preview Content\"";
				DEVELOPMENT_TEAM = N5Q323ZXD4;
				ENABLE_PREVIEWS = YES;
				GENERATE_INFOPLIST_FILE = YES;
				INFOPLIST_KEY_UIApplicationSceneManifest_Generation = YES;
				INFOPLIST_KEY_UIApplicationSupportsIndirectInputEvents = YES;
				INFOPLIST_KEY_UILaunchScreen_Generation = YES;
				INFOPLIST_KEY_UISupportedInterfaceOrientations_iPad = "UIInterfaceOrientationPortrait UIInterfaceOrientationPortraitUpsideDown UIInterfaceOrientationLandscapeLeft UIInterfaceOrientationLandscapeRight";
				INFOPLIST_KEY_UISupportedInterfaceOrientations_iPhone = "UIInterfaceOrientationPortrait UIInterfaceOrientationLandscapeLeft UIInterfaceOrientationLandscapeRight";
				LD_RUNPATH_SEARCH_PATHS = (
					"$(inherited)",
					"@executable_path/Frameworks",
				);
				MARKETING_VERSION = 1.0;
				PRODUCT_BUNDLE_IDENTIFIER = memorybricks.memorybricksv2;
				PRODUCT_NAME = "$(TARGET_NAME)";
				SWIFT_EMIT_LOC_STRINGS = YES;
				SWIFT_VERSION = 5.0;
				TARGETED_DEVICE_FAMILY = "1,2";
			};
			name = Debug;
		};
		5B68F1F32C9560EC006FA81F /* Release */ = {
			isa = XCBuildConfiguration;
			buildSettings = {
				ASSETCATALOG_COMPILER_APPICON_NAME = AppIcon;
				ASSETCATALOG_COMPILER_GLOBAL_ACCENT_COLOR_NAME = AccentColor;
				CODE_SIGN_STYLE = Automatic;
				CURRENT_PROJECT_VERSION = 1;
				DEVELOPMENT_ASSET_PATHS = "\"memorybricksv2/Preview Content\"";
				DEVELOPMENT_TEAM = N5Q323ZXD4;
				ENABLE_PREVIEWS = YES;
				GENERATE_INFOPLIST_FILE = YES;
				INFOPLIST_KEY_UIApplicationSceneManifest_Generation = YES;
				INFOPLIST_KEY_UIApplicationSupportsIndirectInputEvents = YES;
				INFOPLIST_KEY_UILaunchScreen_Generation = YES;
				INFOPLIST_KEY_UISupportedInterfaceOrientations_iPad = "UIInterfaceOrientationPortrait UIInterfaceOrientationPortraitUpsideDown UIInterfaceOrientationLandscapeLeft UIInterfaceOrientationLandscapeRight";
				INFOPLIST_KEY_UISupportedInterfaceOrientations_iPhone = "UIInterfaceOrientationPortrait UIInterfaceOrientationLandscapeLeft UIInterfaceOrientationLandscapeRight";
				LD_RUNPATH_SEARCH_PATHS = (
					"$(inherited)",
					"@executable_path/Frameworks",
				);
				MARKETING_VERSION = 1.0;
				PRODUCT_BUNDLE_IDENTIFIER = memorybricks.memorybricksv2;
				PRODUCT_NAME = "$(TARGET_NAME)";
				SWIFT_EMIT_LOC_STRINGS = YES;
				SWIFT_VERSION = 5.0;
				TARGETED_DEVICE_FAMILY = "1,2";
			};
			name = Release;
		};
		5B68F1F52C9560EC006FA81F /* Debug */ = {
			isa = XCBuildConfiguration;
			buildSettings = {
				ALWAYS_EMBED_SWIFT_STANDARD_LIBRARIES = YES;
				BUNDLE_LOADER = "$(TEST_HOST)";
				CODE_SIGN_STYLE = Automatic;
				CURRENT_PROJECT_VERSION = 1;
				DEVELOPMENT_TEAM = N5Q323ZXD4;
				GENERATE_INFOPLIST_FILE = YES;
				IPHONEOS_DEPLOYMENT_TARGET = 17.5;
				MARKETING_VERSION = 1.0;
				PRODUCT_BUNDLE_IDENTIFIER = memorybricks.memorybricksv2Tests;
				PRODUCT_NAME = "$(TARGET_NAME)";
				SWIFT_EMIT_LOC_STRINGS = NO;
				SWIFT_VERSION = 5.0;
				TARGETED_DEVICE_FAMILY = "1,2";
				TEST_HOST = "$(BUILT_PRODUCTS_DIR)/memorybricksv2.app/$(BUNDLE_EXECUTABLE_FOLDER_PATH)/memorybricksv2";
			};
			name = Debug;
		};
		5B68F1F62C9560EC006FA81F /* Release */ = {
			isa = XCBuildConfiguration;
			buildSettings = {
				ALWAYS_EMBED_SWIFT_STANDARD_LIBRARIES = YES;
				BUNDLE_LOADER = "$(TEST_HOST)";
				CODE_SIGN_STYLE = Automatic;
				CURRENT_PROJECT_VERSION = 1;
				DEVELOPMENT_TEAM = N5Q323ZXD4;
				GENERATE_INFOPLIST_FILE = YES;
				IPHONEOS_DEPLOYMENT_TARGET = 17.5;
				MARKETING_VERSION = 1.0;
				PRODUCT_BUNDLE_IDENTIFIER = memorybricks.memorybricksv2Tests;
				PRODUCT_NAME = "$(TARGET_NAME)";
				SWIFT_EMIT_LOC_STRINGS = NO;
				SWIFT_VERSION = 5.0;
				TARGETED_DEVICE_FAMILY = "1,2";
				TEST_HOST = "$(BUILT_PRODUCTS_DIR)/memorybricksv2.app/$(BUNDLE_EXECUTABLE_FOLDER_PATH)/memorybricksv2";
			};
			name = Release;
		};
		5B68F1F82C9560EC006FA81F /* Debug */ = {
			isa = XCBuildConfiguration;
			buildSettings = {
				ALWAYS_EMBED_SWIFT_STANDARD_LIBRARIES = YES;
				CODE_SIGN_STYLE = Automatic;
				CURRENT_PROJECT_VERSION = 1;
				DEVELOPMENT_TEAM = N5Q323ZXD4;
				GENERATE_INFOPLIST_FILE = YES;
				MARKETING_VERSION = 1.0;
				PRODUCT_BUNDLE_IDENTIFIER = memorybricks.memorybricksv2UITests;
				PRODUCT_NAME = "$(TARGET_NAME)";
				SWIFT_EMIT_LOC_STRINGS = NO;
				SWIFT_VERSION = 5.0;
				TARGETED_DEVICE_FAMILY = "1,2";
				TEST_TARGET_NAME = memorybricksv2;
			};
			name = Debug;
		};
		5B68F1F92C9560EC006FA81F /* Release */ = {
			isa = XCBuildConfiguration;
			buildSettings = {
				ALWAYS_EMBED_SWIFT_STANDARD_LIBRARIES = YES;
				CODE_SIGN_STYLE = Automatic;
				CURRENT_PROJECT_VERSION = 1;
				DEVELOPMENT_TEAM = N5Q323ZXD4;
				GENERATE_INFOPLIST_FILE = YES;
				MARKETING_VERSION = 1.0;
				PRODUCT_BUNDLE_IDENTIFIER = memorybricks.memorybricksv2UITests;
				PRODUCT_NAME = "$(TARGET_NAME)";
				SWIFT_EMIT_LOC_STRINGS = NO;
				SWIFT_VERSION = 5.0;
				TARGETED_DEVICE_FAMILY = "1,2";
				TEST_TARGET_NAME = memorybricksv2;
			};
			name = Release;
		};
/* End XCBuildConfiguration section */

/* Begin XCConfigurationList section */
		5B68F1C82C9560EA006FA81F /* Build configuration list for PBXProject "memorybricksv2" */ = {
			isa = XCConfigurationList;
			buildConfigurations = (
				5B68F1EF2C9560EC006FA81F /* Debug */,
				5B68F1F02C9560EC006FA81F /* Release */,
			);
			defaultConfigurationIsVisible = 0;
			defaultConfigurationName = Release;
		};
		5B68F1F12C9560EC006FA81F /* Build configuration list for PBXNativeTarget "memorybricksv2" */ = {
			isa = XCConfigurationList;
			buildConfigurations = (
				5B68F1F22C9560EC006FA81F /* Debug */,
				5B68F1F32C9560EC006FA81F /* Release */,
			);
			defaultConfigurationIsVisible = 0;
			defaultConfigurationName = Release;
		};
		5B68F1F42C9560EC006FA81F /* Build configuration list for PBXNativeTarget "memorybricksv2Tests" */ = {
			isa = XCConfigurationList;
			buildConfigurations = (
				5B68F1F52C9560EC006FA81F /* Debug */,
				5B68F1F62C9560EC006FA81F /* Release */,
			);
			defaultConfigurationIsVisible = 0;
			defaultConfigurationName = Release;
		};
		5B68F1F72C9560EC006FA81F /* Build configuration list for PBXNativeTarget "memorybricksv2UITests" */ = {
			isa = XCConfigurationList;
			buildConfigurations = (
				5B68F1F82C9560EC006FA81F /* Debug */,
				5B68F1F92C9560EC006FA81F /* Release */,
			);
			defaultConfigurationIsVisible = 0;
			defaultConfigurationName = Release;
		};
/* End XCConfigurationList section */
	};
	rootObject = 5B68F1C52C9560EA006FA81F /* Project object */;
}
